
Microsoft Visual Studio Solution File, Format Version 12.00
# Visual Studio Version 17
VisualStudioVersion = 17.14.36511.14
MinimumVisualStudioVersion = 10.0.40219.1
Project("{2150E333-8FDC-42A3-9474-1A3956D46DE8}") = "src", "src", "{02EA681E-C7D8-13C7-8484-4AC65E1B71E8}"
EndProject
Project("{FAE04EC0-301F-11D3-BF4B-00C04F79EFBC}") = "InvestmentFixedIncome.Register.Application", "src\InvestmentFixedIncome.Register.Application\InvestmentFixedIncome.Register.Application.csproj", "{D96A7AA5-00ED-3F11-8E2E-4AF27745DBA1}"
EndProject
Project("{FAE04EC0-301F-11D3-BF4B-00C04F79EFBC}") = "InvestmentFixedIncome.Register.WebApi", "src\InvestmentFixedIncome.Register.WebApi\InvestmentFixedIncome.Register.WebApi.csproj", "{7A705CED-D932-8BE1-E045-4DF5CB42CEAB}"
EndProject
Global
	GlobalSection(SolutionConfigurationPlatforms) = preSolution
		Debug|x64 = Debug|x64
		Release|x64 = Release|x64
	EndGlobalSection
	GlobalSection(ProjectConfigurationPlatforms) = postSolution
		{D96A7AA5-00ED-3F11-8E2E-4AF27745DBA1}.Debug|x64.ActiveCfg = Debug|x64
		{D96A7AA5-00ED-3F11-8E2E-4AF27745DBA1}.Debug|x64.Build.0 = Debug|x64
		{D96A7AA5-00ED-3F11-8E2E-4AF27745DBA1}.Release|x64.ActiveCfg = Release|x64
		{D96A7AA5-00ED-3F11-8E2E-4AF27745DBA1}.Release|x64.Build.0 = Release|x64
		{7A705CED-D932-8BE1-E045-4DF5CB42CEAB}.Debug|x64.ActiveCfg = Debug|x64
		{7A705CED-D932-8BE1-E045-4DF5CB42CEAB}.Debug|x64.Build.0 = Debug|x64
		{7A705CED-D932-8BE1-E045-4DF5CB42CEAB}.Release|x64.ActiveCfg = Release|x64
		{7A705CED-D932-8BE1-E045-4DF5CB42CEAB}.Release|x64.Build.0 = Release|x64
	EndGlobalSection
	GlobalSection(SolutionProperties) = preSolution
		HideSolutionNode = FALSE
	EndGlobalSection
	GlobalSection(NestedProjects) = preSolution
		{D96A7AA5-00ED-3F11-8E2E-4AF27745DBA1} = {02EA681E-C7D8-13C7-8484-4AC65E1B71E8}
		{7A705CED-D932-8BE1-E045-4DF5CB42CEAB} = {02EA681E-C7D8-13C7-8484-4AC65E1B71E8}
	EndGlobalSection
	GlobalSection(ExtensibilityGlobals) = postSolution
		SolutionGuid = {24BE9E2D-D318-4873-A485-2B1AFBB5CD75}
	EndGlobalSection
EndGlobal
